{
    "_meta": {
        "hash": {
            "sha256": "fb81250b38265605a5f553e099496ac386a0c1efb8ffb7cdae362906b9b34031"
        },
        "pipfile-spec": 6,
        "requires": {
            "python_version": "3.7"
        },
        "sources": [
            {
                "name": "pypi",
                "url": "https://pypi.org/simple",
                "verify_ssl": true
            }
        ]
    },
    "default": {
        "absl-py": {
            "hashes": [
                "sha256:75e737d6ce7723d9ff9b7aa1ba3233c34be62ef18d5859e706b8fdc828989830"
            ],
            "version": "==0.9.0"
        },
        "astor": {
            "hashes": [
                "sha256:070a54e890cefb5b3739d19f30f5a5ec840ffc9c50ffa7d23cc9fc1a38ebbfc5",
                "sha256:6a6effda93f4e1ce9f618779b2dd1d9d84f1e32812c23a29b3fff6fd7f63fa5e"
            ],
            "markers": "python_version >= '2.7' and python_version not in '3.0, 3.1, 3.2, 3.3'",
            "version": "==0.8.1"
        },
        "gast": {
            "hashes": [
                "sha256:fe939df4583692f0512161ec1c880e0a10e71e6a232da045ab8edd3756fbadf0"
            ],
            "markers": "python_version >= '2.7' and python_version not in '3.0, 3.1, 3.2, 3.3'",
            "version": "==0.2.2"
        },
        "google-pasta": {
            "hashes": [
                "sha256:4612951da876b1a10fe3960d7226f0c7682cf901e16ac06e473b267a5afa8954",
                "sha256:b32482794a366b5366a32c92a9a9201b107821889935a02b3e51f6b432ea84ed",
                "sha256:c9f2c8dfc8f96d0d5808299920721be30c9eec37f2389f28904f454565c8a16e"
            ],
            "version": "==0.2.0"
        },
        "grpcio": {
            "hashes": [
                "sha256:02aef8ef1a5ac5f0836b543e462eb421df6048a7974211a906148053b8055ea6",
                "sha256:07f82aefb4a56c7e1e52b78afb77d446847d27120a838a1a0489260182096045",
                "sha256:1cff47297ee614e7ef66243dc34a776883ab6da9ca129ea114a802c5e58af5c1",
                "sha256:1ec8fc865d8da6d0713e2092a27eee344cd54628b2c2065a0e77fff94df4ae00",
                "sha256:1ef949b15a1f5f30651532a9b54edf3bd7c0b699a10931505fa2c80b2d395942",
                "sha256:209927e65395feb449783943d62a3036982f871d7f4045fadb90b2d82b153ea8",
                "sha256:25c77692ea8c0929d4ad400ea9c3dcbcc4936cee84e437e0ef80da58fa73d88a",
                "sha256:28f27c64dd699b8b10f70da5f9320c1cffcaefca7dd76275b44571bd097f276c",
                "sha256:355bd7d7ce5ff2917d217f0e8ddac568cb7403e1ce1639b35a924db7d13a39b6",
                "sha256:4a0a33ada3f6f94f855f92460896ef08c798dcc5f17d9364d1735c5adc9d7e4a",
                "sha256:4d3b6e66f32528bf43ca2297caca768280a8e068820b1c3dca0fcf9f03c7d6f1",
                "sha256:5121fa96c79fc0ec81825091d0be5c16865f834f41b31da40b08ee60552f9961",
                "sha256:57949756a3ce1f096fa2b00f812755f5ab2effeccedb19feeb7d0deafa3d1de7",
                "sha256:586d931736912865c9790c60ca2db29e8dc4eace160d5a79fec3e58df79a9386",
                "sha256:5ae532b93cf9ce5a2a549b74a2c35e3b690b171ece9358519b3039c7b84c887e",
                "sha256:5dab393ab96b2ce4012823b2f2ed4ee907150424d2f02b97bd6f8dd8f17cc866",
                "sha256:5ebc13451246de82f130e8ee7e723e8d7ae1827f14b7b0218867667b1b12c88d",
                "sha256:68a149a0482d0bc697aac702ec6efb9d380e0afebf9484db5b7e634146528371",
                "sha256:6db7ded10b82592c472eeeba34b9f12d7b0ab1e2dcad12f081b08ebdea78d7d6",
                "sha256:6e545908bcc2ae28e5b190ce3170f92d0438cf26a82b269611390114de0106eb",
                "sha256:6f328a3faaf81a2546a3022b3dfc137cc6d50d81082dbc0c94d1678943f05df3",
                "sha256:706e2dea3de33b0d8884c4d35ecd5911b4ff04d0697c4138096666ce983671a6",
                "sha256:80c3d1ce8820dd819d1c9d6b63b6f445148480a831173b572a9174a55e7abd47",
                "sha256:8111b61eee12d7af5c58f82f2c97c2664677a05df9225ef5cbc2f25398c8c454",
                "sha256:9713578f187fb1c4d00ac554fe1edcc6b3ddd62f5d4eb578b81261115802df8e",
                "sha256:9c0669ba9aebad540fb05a33beb7e659ea6e5ca35833fc5229c20f057db760e8",
                "sha256:9e9cfe55dc7ac2aa47e0fd3285ff829685f96803197042c9d2f0fb44e4b39b2c",
                "sha256:a22daaf30037b8e59d6968c76fe0f7ff062c976c7a026e92fbefc4c4bf3fc5a4",
                "sha256:a25b84e10018875a0f294a7649d07c43e8bc3e6a821714e39e5cd607a36386d7",
                "sha256:a71138366d57901597bfcc52af7f076ab61c046f409c7b429011cd68de8f9fe6",
                "sha256:b4efde5524579a9ce0459ca35a57a48ca878a4973514b8bb88cb80d7c9d34c85",
                "sha256:b78af4d42985ab3143d9882d0006f48d12f1bc4ba88e78f23762777c3ee64571",
                "sha256:bb2987eb3af9bcf46019be39b82c120c3d35639a95bc4ee2d08f36ecdf469345",
                "sha256:c03ce53690fe492845e14f4ab7e67d5a429a06db99b226b5c7caa23081c1e2bb",
                "sha256:c59b9280284b791377b3524c8e39ca7b74ae2881ba1a6c51b36f4f1bb94cee49",
                "sha256:d18b4c8cacbb141979bb44355ee5813dd4d307e9d79b3a36d66eca7e0a203df8",
                "sha256:d1e5563e3b7f844dbc48d709c9e4a75647e11d0387cc1fa0c861d3e9d34bc844",
                "sha256:d22c897b65b1408509099f1c3334bd3704f5e4eb7c0486c57d0e212f71cb8f54",
                "sha256:dbec0a3a154dbf2eb85b38abaddf24964fa1c059ee0a4ad55d6f39211b1a4bca",
                "sha256:ed123037896a8db6709b8ad5acc0ed435453726ea0b63361d12de369624c2ab5",
                "sha256:f3614dabd2cc8741850597b418bcf644d4f60e73615906c3acc407b78ff720b3",
                "sha256:f9d632ce9fd485119c968ec6a7a343de698c5e014d17602ae2f110f1b05925ed",
                "sha256:fb62996c61eeff56b59ab8abfcaa0859ec2223392c03d6085048b576b567459b"
            ],
            "version": "==1.27.2"
        },
        "h5py": {
            "hashes": [
                "sha256:063947eaed5f271679ed4ffa36bb96f57bc14f44dd4336a827d9a02702e6ce6b",
                "sha256:13c87efa24768a5e24e360a40e0bc4c49bcb7ce1bb13a3a7f9902cec302ccd36",
                "sha256:16ead3c57141101e3296ebeed79c9c143c32bdd0e82a61a2fc67e8e6d493e9d1",
                "sha256:3dad1730b6470fad853ef56d755d06bb916ee68a3d8272b3bab0c1ddf83bb99e",
                "sha256:51ae56894c6c93159086ffa2c94b5b3388c0400548ab26555c143e7cfa05b8e5",
                "sha256:54817b696e87eb9e403e42643305f142cd8b940fe9b3b490bbf98c3b8a894cf4",
                "sha256:549ad124df27c056b2e255ea1c44d30fb7a17d17676d03096ad5cd85edb32dc1",
                "sha256:64f74da4a1dd0d2042e7d04cf8294e04ddad686f8eba9bb79e517ae582f6668d",
                "sha256:6998be619c695910cb0effe5eb15d3a511d3d1a5d217d4bd0bebad1151ec2262",
                "sha256:6ef7ab1089e3ef53ca099038f3c0a94d03e3560e6aff0e9d6c64c55fb13fc681",
                "sha256:769e141512b54dee14ec76ed354fcacfc7d97fea5a7646b709f7400cf1838630",
                "sha256:79b23f47c6524d61f899254f5cd5e486e19868f1823298bc0c29d345c2447172",
                "sha256:7be5754a159236e95bd196419485343e2b5875e806fe68919e087b6351f40a70",
                "sha256:84412798925dc870ffd7107f045d7659e60f5d46d1c70c700375248bf6bf512d",
                "sha256:86868dc07b9cc8cb7627372a2e6636cdc7a53b7e2854ad020c9e9d8a4d3fd0f5",
                "sha256:8bb1d2de101f39743f91512a9750fb6c351c032e5cd3204b4487383e34da7f75",
                "sha256:a5f82cd4938ff8761d9760af3274acf55afc3c91c649c50ab18fcff5510a14a5",
                "sha256:aac4b57097ac29089f179bbc2a6e14102dd210618e94d77ee4831c65f82f17c0",
                "sha256:bffbc48331b4a801d2f4b7dac8a72609f0b10e6e516e5c480a3e3241e091c878",
                "sha256:c0d4b04bbf96c47b6d360cd06939e72def512b20a18a8547fa4af810258355d5",
                "sha256:c54a2c0dd4957776ace7f95879d81582298c5daf89e77fb8bee7378f132951de",
                "sha256:cbf28ae4b5af0f05aa6e7551cee304f1d317dbed1eb7ac1d827cee2f1ef97a99",
                "sha256:d35f7a3a6cefec82bfdad2785e78359a0e6a5fbb3f605dd5623ce88082ccd681",
                "sha256:d3c59549f90a891691991c17f8e58c8544060fdf3ccdea267100fa5f561ff62f",
                "sha256:d7ae7a0576b06cb8e8a1c265a8bc4b73d05fdee6429bffc9a26a6eb531e79d72",
                "sha256:ecf4d0b56ee394a0984de15bceeb97cbe1fe485f1ac205121293fc44dcf3f31f",
                "sha256:f0e25bb91e7a02efccb50aba6591d3fe2c725479e34769802fcdd4076abfa917",
                "sha256:f23951a53d18398ef1344c186fb04b26163ca6ce449ebd23404b153fd111ded9",
                "sha256:ff7d241f866b718e4584fa95f520cb19405220c501bd3a53ee11871ba5166ea2"
            ],
            "version": "==2.10.0"
        },
        "keras-applications": {
            "hashes": [
                "sha256:5579f9a12bcde9748f4a12233925a59b93b73ae6947409ff34aa2ba258189fe5",
                "sha256:df4323692b8c1174af821bf906f1e442e63fa7589bf0f1230a0b6bdc5a810c95"
            ],
            "version": "==1.0.8"
        },
        "keras-preprocessing": {
            "hashes": [
                "sha256:44aee5f2c4d80c3b29f208359fcb336df80f293a0bb6b1c738da43ca206656fb",
                "sha256:5a8debe01d840de93d49e05ccf1c9b81ae30e210d34dacbcc47aeb3049b528e5"
            ],
            "version": "==1.1.0"
        },
        "markdown": {
            "hashes": [
                "sha256:90fee683eeabe1a92e149f7ba74e5ccdc81cd397bd6c516d93a8da0ef90b6902",
                "sha256:e4795399163109457d4c5af2183fbe6b60326c17cfdf25ce6e7474c6624f725d"
            ],
            "markers": "python_version >= '3.5'",
            "version": "==3.2.1"
        },
        "numpy": {
            "hashes": [
                "sha256:1598a6de323508cfeed6b7cd6c4efb43324f4692e20d1f76e1feec7f59013448",
                "sha256:1b0ece94018ae21163d1f651b527156e1f03943b986188dd81bc7e066eae9d1c",
                "sha256:2e40be731ad618cb4974d5ba60d373cdf4f1b8dcbf1dcf4d9dff5e212baf69c5",
                "sha256:4ba59db1fcc27ea31368af524dcf874d9277f21fd2e1f7f1e2e0c75ee61419ed",
                "sha256:59ca9c6592da581a03d42cc4e270732552243dc45e87248aa8d636d53812f6a5",
                "sha256:5e0feb76849ca3e83dd396254e47c7dba65b3fa9ed3df67c2556293ae3e16de3",
                "sha256:6d205249a0293e62bbb3898c4c2e1ff8a22f98375a34775a259a0523111a8f6c",
                "sha256:6fcc5a3990e269f86d388f165a089259893851437b904f422d301cdce4ff25c8",
                "sha256:82847f2765835c8e5308f136bc34018d09b49037ec23ecc42b246424c767056b",
                "sha256:87902e5c03355335fc5992a74ba0247a70d937f326d852fc613b7f53516c0963",
                "sha256:9ab21d1cb156a620d3999dd92f7d1c86824c622873841d6b080ca5495fa10fef",
                "sha256:a1baa1dc8ecd88fb2d2a651671a84b9938461e8a8eed13e2f0a812a94084d1fa",
                "sha256:a244f7af80dacf21054386539699ce29bcc64796ed9850c99a34b41305630286",
                "sha256:a35af656a7ba1d3decdd4fae5322b87277de8ac98b7d9da657d9e212ece76a61",
                "sha256:b1fe1a6f3a6f355f6c29789b5927f8bd4f134a4bd9a781099a7c4f66af8850f5",
                "sha256:b5ad0adb51b2dee7d0ee75a69e9871e2ddfb061c73ea8bc439376298141f77f5",
                "sha256:ba3c7a2814ec8a176bb71f91478293d633c08582119e713a0c5351c0f77698da",
                "sha256:cd77d58fb2acf57c1d1ee2835567cd70e6f1835e32090538f17f8a3a99e5e34b",
                "sha256:cdb3a70285e8220875e4d2bc394e49b4988bdb1298ffa4e0bd81b2f613be397c",
                "sha256:deb529c40c3f1e38d53d5ae6cd077c21f1d49e13afc7936f7f868455e16b64a0",
                "sha256:e7894793e6e8540dbeac77c87b489e331947813511108ae097f1715c018b8f3d"
            ],
            "markers": "python_version >= '3.5'",
            "version": "==1.18.2"
        },
        "opt-einsum": {
            "hashes": [
                "sha256:738b0a1db1d3084d360081bb64d826f9db06d2df7cc0bf8e2c9356028da1fa31",
                "sha256:f6fbfbb759e670305c5c9a4dc4432e30f65e06fede88293dacfe19915af73386"
            ],
            "markers": "python_version >= '3.5'",
            "version": "==3.2.0"
        },
        "protobuf": {
            "hashes": [
                "sha256:0bae429443cc4748be2aadfdaf9633297cfaeb24a9a02d0ab15849175ce90fab",
                "sha256:24e3b6ad259544d717902777b33966a1a069208c885576254c112663e6a5bb0f",
                "sha256:2affcaba328c4662f3bc3c0e9576ea107906b2c2b6422344cdad961734ff6b93",
                "sha256:310a7aca6e7f257510d0c750364774034272538d51796ca31d42c3925d12a52a",
                "sha256:52e586072612c1eec18e1174f8e3bb19d08f075fc2e3f91d3b16c919078469d0",
                "sha256:73152776dc75f335c476d11d52ec6f0f6925774802cd48d6189f4d5d7fe753f4",
                "sha256:7774bbbaac81d3ba86de646c39f154afc8156717972bf0450c9dbfa1dc8dbea2",
                "sha256:82d7ac987715d8d1eb4068bf997f3053468e0ce0287e2729c30601feb6602fee",
                "sha256:8eb9c93798b904f141d9de36a0ba9f9b73cc382869e67c9e642c0aba53b0fc07",
                "sha256:adf0e4d57b33881d0c63bb11e7f9038f98ee0c3e334c221f0858f826e8fb0151",
                "sha256:c40973a0aee65422d8cb4e7d7cbded95dfeee0199caab54d5ab25b63bce8135a",
                "sha256:c77c974d1dadf246d789f6dad1c24426137c9091e930dbf50e0a29c1fcf00b1f",
                "sha256:dd9aa4401c36785ea1b6fff0552c674bdd1b641319cb07ed1fe2392388e9b0d7",
                "sha256:e11df1ac6905e81b815ab6fd518e79be0a58b5dc427a2cf7208980f30694b956",
                "sha256:e2f8a75261c26b2f5f3442b0525d50fd79a71aeca04b5ec270fc123536188306",
                "sha256:e512b7f3a4dd780f59f1bf22c302740e27b10b5c97e858a6061772668cd6f961",
                "sha256:ef2c2e56aaf9ee914d3dccc3408d42661aaf7d9bb78eaa8f17b2e6282f214481",
                "sha256:fac513a9dc2a74b99abd2e17109b53945e364649ca03d9f7a0b96aa8d1807d0a",
                "sha256:fdfb6ad138dbbf92b5dbea3576d7c8ba7463173f7d2cb0ca1bd336ec88ddbd80"
            ],
            "version": "==3.11.3"
        },
        "six": {
            "hashes": [
                "sha256:236bdbdce46e6e6a3d61a337c0f8b763ca1e8717c03b369e87a7ec7ce1319c0a",
                "sha256:8f3cd2e254d8f793e7f3d6d9df77b92252b52637291d0f0da013c76ea2724b6c"
            ],
            "markers": "python_version >= '2.7' and python_version not in '3.0, 3.1, 3.2, 3.3'",
            "version": "==1.14.0"
        },
        "tensorboard": {
            "hashes": [
                "sha256:4cad2c65f6011e51609b463014c014fd7c6ddd9c1263af1d4f18dd97ed88c2bc",
                "sha256:612b789386aa1b2c4804e1961273b37f8e4dd97613f98bc90ff0402d24627f50"
            ],
            "markers": "python_version >= '2.7' and python_version not in '3.0, 3.1, 3.2, 3.3'",
            "version": "==1.15.0"
        },
        "tensorflow": {
            "hashes": [
                "sha256:05862fadc752da737e33f0110eafb7511149db043d4836edd68d3608b6c2f521",
                "sha256:34551b8cc446342dac8fdcf79e775e0841aeea38e927b73e2ecf4b2d01277264",
                "sha256:41932b9c080058ff204a1f8e3894c286c69255691c320330770dd8f6ee2cb3e2",
                "sha256:613072266dd60986b79e517f9e4a5f5d7c8495faeb439808db9a493ec3bebf96",
                "sha256:618a7cb1499b0c0d6398f342e9b8ac08497c3105c68942f344dc9bf67ae1f22d",
                "sha256:6b4c94168eb32a111b8510b2d4b1c5b6760bcabd6d56633025e5b99753d62bdf",
                "sha256:a82c2c498ebab190ec2a06aec8455d6f7c191dff5fdd5b5528b416f42b0291b9",
                "sha256:b6c57269009a641a74b3456ef7483e69143ed9762af321b0560db5a72cdcb01f",
                "sha256:ef20ebaf39383271cdd4599e7593d01ebf73be61a59f015e404a36e8d06f7b7e"
            ],
            "index": "pypi",
            "version": "==1.15.2"
        },
        "tensorflow-estimator": {
            "hashes": [
                "sha256:8853bfb7c3c96fbdc80b3d66c37a10af6ccbcd235dc87474764270c02a0f86b9"
            ],
            "version": "==1.15.1"
        },
        "termcolor": {
            "hashes": [
                "sha256:1d6d69ce66211143803fbc56652b41d73b4a400a2891d7bf7a1cdf4c02de613b"
            ],
            "version": "==1.1.0"
        },
        "werkzeug": {
            "hashes": [
                "sha256:2de2a5db0baeae7b2d2664949077c2ac63fbd16d98da0ff71837f7d1dea3fd43",
                "sha256:6c80b1e5ad3665290ea39320b91e1be1e0d5f60652b964a3070216de83d2e47c"
            ],
            "markers": "python_version >= '2.7' and python_version not in '3.0, 3.1, 3.2, 3.3'",
            "version": "==1.0.1"
        },
        "wheel": {
            "hashes": [
                "sha256:8788e9155fe14f54164c1b9eb0a319d98ef02c160725587ad60f14ddc57b6f96",
                "sha256:df277cb51e61359aba502208d680f90c0493adec6f0e848af94948778aed386e"
            ],
            "markers": "python_version >= '3'",
            "version": "==0.34.2"
        },
        "wrapt": {
            "hashes": [
                "sha256:b62ffa81fb85f4332a4f609cab4ac40709470da05643a082ec1eb88e6d9b97d7"
            ],
            "version": "==1.12.1"
        }
    },
    "develop": {}
}
